PODS:
  - AppCenter (3.3.1):
    - AppCenter/Analytics (= 3.3.1)
    - AppCenter/Crashes (= 3.3.1)
  - AppCenter/Analytics (3.3.1):
    - AppCenter/Core
  - AppCenter/Core (3.3.1)
  - AppCenter/Crashes (3.3.1):
    - AppCenter/Core
  - lottie-ios (3.1.8)
  - MASShortcut (2.4.0)
  - Preferences (1.0.1)
  - Sparkle (1.23.0)

DEPENDENCIES:
  - AppCenter
  - lottie-ios
  - MASShortcut
  - Preferences
  - Sparkle

SPEC REPOS:
  trunk:
    - AppCenter
    - lottie-ios
    - MASShortcut
    - Preferences
    - Sparkle

SPEC CHECKSUMS:
  AppCenter: 76ecf7e959a68e36b0fd314e8dc5897660214423
  lottie-ios: 48fac6be217c76937e36e340e2d09cf7b10b7f5f
  MASShortcut: d9e4909e878661cc42877cc9d6efbe638273ab57
  Preferences: a5afbe0ae3e6bd886328b1960f4998e65d58f2c4
  Sparkle: 55b1a87ba69d56913375a281546b7c82dec95bb0

PODFILE CHECKSUM: 707be53fda4fdaed41adae54e0c0fc4b7a75fa00

COCOAPODS: 1.9.1
